github.com/google/uuid v1.5.0 h1:1p67kYwdtXjb0gL0BPiP1Av9wiZPo5A8z2cWkTZ+eyU=
github.com/google/uuid v1.5.0/go.mod h1:TIyPZe4MgqvfeYDBFedMoGGpEw/LqOeaOT+nhxU+yHo=
github.com/google/uuid v1.6.0 h1:NIvaJDMOsjHA8n1jAhLSgzrAzy1Hgr+hNrb57e+94F0=
github.com/google/uuid v1.6.0/go.mod h1:TIyPZe4MgqvfeYDBFedMoGGpEw/LqOeaOT+nhxU+yHo=
github.com/mwildt/go-http v1.2.4 h1:rxYpCDMYOLPb3gsHkACnZvxP061aRjVCLiVHEAN6UnE=
github.com/mwildt/go-http v1.2.4/go.mod h1:pGlmFHR4lLHHTtwK2yMg2UfCRJJ4plC1JQqJbmL13qk=
github.com/mwildt/go-http v1.3.0 h1:x3GxlbPYtQOp7tup/SP+0RRDdMaq3ynB8iXVTrqdBn4=
github.com/mwildt/go-http v1.3.0/go.mod h1:pGlmFHR4lLHHTtwK2yMg2UfCRJJ4plC1JQqJbmL13qk=
github.com/ohrenpiraten/go-collections v1.0.8 h1:OIZc0FOT5HwkvLqvglOTeH7Sv7cKLPjm4ikQfJkpmSo=
github.com/ohrenpiraten/go-collections v1.0.8/go.mod h1:Q5hqfiHwUdkjBzMMTGTMikwYhFzU9NqIi8w+60k4FXk=
